<?xml version="1.0" encoding="utf-8"?>
<Project ToolsVersion="4.0" xmlns="http://schemas.microsoft.com/developer/msbuild/2003">
  <ItemGroup>
    <ClCompile Include="..\Assets\Game.cpp">
      <Filter>Source Files</Filter>
    </ClCompile>
    <ClCompile Include="..\Assets\PlayerJumping.cpp">
      <Filter>Source Files</Filter>
    </ClCompile>
    <ClCompile Include="..\Assets\PlayerMovingHorizontally.cpp">
      <Filter>Source Files</Filter>
    </ClCompile>
    <ClCompile Include="..\Assets\PlayerRunning.cpp">
      <Filter>Source Files</Filter>
    </ClCompile>
    <ClCompile Include="..\Assets\PlayerStanding.cpp">
      <Filter>Source Files</Filter>
    </ClCompile>
    <ClCompile Include="..\Assets\Sprite.cpp">
      <Filter>Source Files</Filter>
    </ClCompile>
    <ClCompile Include="..\Assets\SpriteController.cpp">
      <Filter>Source Files</Filter>
    </ClCompile>
    <ClCompile Include="..\Assets\TestMapString.cpp">
      <Filter>Source Files</Filter>
    </ClCompile>
    <ClCompile Include="..\Assets\Tile.cpp">
      <Filter>Source Files</Filter>
    </ClCompile>
    <ClCompile Include="..\Assets\TileMap.cpp">
      <Filter>Source Files</Filter>
    </ClCompile>
    <ClCompile Include="..\Assets\Windows.cpp">
      <Filter>Source Files</Filter>
    </ClCompile>
    <ClCompile Include="..\Assets\Bitmap.cpp">
      <Filter>Source Files\Framework</Filter>
    </ClCompile>
    <ClCompile Include="..\Assets\D3DGraphics.cpp">
      <Filter>Source Files\Framework</Filter>
    </ClCompile>
    <ClCompile Include="..\Assets\Mouse.cpp">
      <Filter>Source Files\Framework</Filter>
    </ClCompile>
    <ClCompile Include="..\Assets\Keyboard.cpp">
      <Filter>Source Files\Framework</Filter>
    </ClCompile>
  </ItemGroup>
  <ItemGroup>
    <ClInclude Include="..\Assets\BiDirection.h">
      <Filter>Header Files</Filter>
    </ClInclude>
    <ClInclude Include="..\Assets\BiSurfaceSequence.h">
      <Filter>Header Files</Filter>
    </ClInclude>
    <ClInclude Include="..\Assets\Camera.h">
      <Filter>Header Files</Filter>
    </ClInclude>
    <ClInclude Include="..\Assets\CollisionRectF.h">
      <Filter>Header Files</Filter>
    </ClInclude>
    <ClInclude Include="..\Assets\Game.h">
      <Filter>Header Files</Filter>
    </ClInclude>
    <ClInclude Include="..\Assets\PlayerJumping.h">
      <Filter>Header Files</Filter>
    </ClInclude>
    <ClInclude Include="..\Assets\PlayerMovingHorizontally.h">
      <Filter>Header Files</Filter>
    </ClInclude>
    <ClInclude Include="..\Assets\PlayerRunning.h">
      <Filter>Header Files</Filter>
    </ClInclude>
    <ClInclude Include="..\Assets\PlayerSprite.h">
      <Filter>Header Files</Filter>
    </ClInclude>
    <ClInclude Include="..\Assets\PlayerStanding.h">
      <Filter>Header Files</Filter>
    </ClInclude>
    <ClInclude Include="..\Assets\RectF.h">
      <Filter>Header Files</Filter>
    </ClInclude>
    <ClInclude Include="..\Assets\RectI.h">
      <Filter>Header Files</Filter>
    </ClInclude>
    <ClInclude Include="..\Assets\Sprite.h">
      <Filter>Header Files</Filter>
    </ClInclude>
    <ClInclude Include="..\Assets\SpriteController.h">
      <Filter>Header Files</Filter>
    </ClInclude>
    <ClInclude Include="..\Assets\SpriteCore.h">
      <Filter>Header Files</Filter>
    </ClInclude>
    <ClInclude Include="..\Assets\SpriteState.h">
      <Filter>Header Files</Filter>
    </ClInclude>
    <ClInclude Include="..\Assets\Surface.h">
      <Filter>Header Files</Filter>
    </ClInclude>
    <ClInclude Include="..\Assets\SurfaceSequence.h">
      <Filter>Header Files</Filter>
    </ClInclude>
    <ClInclude Include="..\Assets\TestMapString.h">
      <Filter>Header Files</Filter>
    </ClInclude>
    <ClInclude Include="..\Assets\Tile.h">
      <Filter>Header Files</Filter>
    </ClInclude>
    <ClInclude Include="..\Assets\Viewport.h">
      <Filter>Header Files</Filter>
    </ClInclude>
    <ClInclude Include="..\Assets\TileMap.h">
      <Filter>Header Files</Filter>
    </ClInclude>
    <ClInclude Include="..\Assets\Bitmap.h">
      <Filter>Header Files\Framework</Filter>
    </ClInclude>
    <ClInclude Include="..\Assets\D3DGraphics.h">
      <Filter>Header Files\Framework</Filter>
    </ClInclude>
    <ClInclude Include="..\Assets\Keyboard.h">
      <Filter>Header Files\Framework</Filter>
    </ClInclude>
    <ClInclude Include="..\Assets\Mouse.h">
      <Filter>Header Files\Framework</Filter>
    </ClInclude>
  </ItemGroup>
  <ItemGroup>
    <Filter Include="Header Files">
      <UniqueIdentifier>{ab68632c-00cc-452e-a440-731ce3030396}</UniqueIdentifier>
    </Filter>
    <Filter Include="Source Files">
      <UniqueIdentifier>{08527076-1da2-4d23-b57d-7aebfee3d82f}</UniqueIdentifier>
    </Filter>
    <Filter Include="Header Files\Framework">
      <UniqueIdentifier>{39a70b1e-dfdf-48fd-9751-fbaaee5b0d2a}</UniqueIdentifier>
    </Filter>
    <Filter Include="Source Files\Framework">
      <UniqueIdentifier>{3d371eb5-9d7b-4876-8226-68a96b4efc3e}</UniqueIdentifier>
    </Filter>
  </ItemGroup>
</Project>